dependencies:
- name: common
  repository: file://../common/
  version: 0.1.0
- name: config-maps
  repository: file://../config-maps/
  version: 0.1.0
- name: authenticator-api
  repository: file://../authenticator-api/
  version: 0.1.0
- name: occupations-api
  repository: file://../occupations-api/
  version: 0.1.0
- name: omek-client
  repository: file://../omek-client/
  version: 0.1.0
- name: outgoing-spike-proxy-service
  repository: file://../outgoing-spike-proxy-service/
  version: 0.1.0
- name: requests-api
  repository: file://../requests-api/
  version: 0.1.0
- name: requests-compositor
  repository: file://../requests-compositor/
  version: 0.1.0
- name: roles-api
  repository: file://../roles-api/
  version: 0.1.0
- name: skynet-api
  repository: file://../skynet-api/
  version: 0.1.0
- name: skynet-compositor
  repository: file://../skynet-compositor/
  version: 0.1.0
- name: translation-api
  repository: file://../translation-api/
  version: 0.1.0
- name: units-hierarchy-api
  repository: file://../units-hierarchy-api/
  version: 0.1.0
- name: users-api
  repository: file://../users-api/
  version: 0.1.0
- name: users-compositor
  repository: file://../users-compositor/
  version: 0.1.0
- name: calculations-compositor
  repository: file://../calculations-compositor/
  version: 0.1.0
- name: records-api
  repository: file://../records-api/
  version: 0.1.0
- name: salaries-api
  repository: file://../salaries-api/
  version: 0.1.0
digest: sha256:bbc21923ce1ee1a44baba5e2fd6c2699ddd6d5562157d8535ae97285ccdbddf6
generated: "2021-08-15T10:16:16.001965502Z"
